PODS:
  - Nimble (0.3.0)
  - Quick (0.2.2)

DEPENDENCIES:
  - Nimble (from `https://github.com/Quick/Nimble.git`, commit `9538a301d5320fd607f01c931dc282868b0e827a`)
  - Quick (from `https://github.com/Quick/Quick.git`, commit `f8c9ff9f499fc5ea72ff55c1c5eed32e1ff303ea`)

EXTERNAL SOURCES:
  Nimble:
    :commit: 9538a301d5320fd607f01c931dc282868b0e827a
    :git: https://github.com/Quick/Nimble.git
  Quick:
    :commit: f8c9ff9f499fc5ea72ff55c1c5eed32e1ff303ea
    :git: https://github.com/Quick/Quick.git

CHECKOUT OPTIONS:
  Nimble:
    :commit: 9538a301d5320fd607f01c931dc282868b0e827a
    :git: https://github.com/Quick/Nimble.git
  Quick:
    :commit: f8c9ff9f499fc5ea72ff55c1c5eed32e1ff303ea
    :git: https://github.com/Quick/Quick.git

SPEC CHECKSUMS:
  Nimble: 55fef248ef3703024ce431db817160ad24d89ba3
  Quick: 1bda8b4c8d43f6b4dd69ca001918b1767b3c9c93

COCOAPODS: 0.36.0
